
Microsoft Visual Studio Solution File, Format Version 12.00
# Visual Studio 15
VisualStudioVersion = 15.0.26228.4
MinimumVisualStudioVersion = 10.0.40219.1
Project("{FAE04EC0-301F-11D3-BF4B-00C04F79EFBC}") = "projectRP", "projectRP\projectRP.csproj", "{CC5073BE-29D8-408B-88EA-17A97B4F4BEE}"
EndProject
Global
	GlobalSection(SolutionConfigurationPlatforms) = preSolution
		Debug|Any CPU = Debug|Any CPU
		Release|Any CPU = Release|Any CPU
	EndGlobalSection
	GlobalSection(ProjectConfigurationPlatforms) = postSolution
		{CC5073BE-29D8-408B-88EA-17A97B4F4BEE}.Debug|Any CPU.ActiveCfg = Debug|Any CPU
		{CC5073BE-29D8-408B-88EA-17A97B4F4BEE}.Debug|Any CPU.Build.0 = Debug|Any CPU
		{CC5073BE-29D8-408B-88EA-17A97B4F4BEE}.Release|Any CPU.ActiveCfg = Release|Any CPU
		{CC5073BE-29D8-408B-88EA-17A97B4F4BEE}.Release|Any CPU.Build.0 = Release|Any CPU
	EndGlobalSection
	GlobalSection(SolutionProperties) = preSolution
		HideSolutionNode = FALSE
	EndGlobalSection
EndGlobal
